
Microsoft Visual Studio Solution File, Format Version 12.00
# Visual Studio Version 17
VisualStudioVersion = 17.3.32804.467
MinimumVisualStudioVersion = 10.0.40219.1
Project("{2150E333-8FDC-42A3-9474-1A3956D46DE8}") = "02 - Services", "02 - Services", "{D6503314-DC78-4782-8F13-6DF30ABAD91A}"
EndProject
Project("{2150E333-8FDC-42A3-9474-1A3956D46DE8}") = "03 - Application", "03 - Application", "{B0856761-D2D9-46B9-B179-47AE37138096}"
EndProject
Project("{2150E333-8FDC-42A3-9474-1A3956D46DE8}") = "04 - Domain", "04 - Domain", "{E33CD50B-B64E-47F7-92AF-B320E7EB97C0}"
EndProject
Project("{2150E333-8FDC-42A3-9474-1A3956D46DE8}") = "05 - Infra", "05 - Infra", "{0CD9F12B-6B89-4B35-9EA3-5A7E7B63A9C1}"
EndProject
Project("{2150E333-8FDC-42A3-9474-1A3956D46DE8}") = "06 - Tests", "06 - Tests", "{76F6BE6E-1939-44A3-9E57-A6FA22E1DB63}"
EndProject
Project("{2150E333-8FDC-42A3-9474-1A3956D46DE8}") = "05.1 - Data", "05.1 - Data", "{75C25650-FDED-408D-B100-847660A67B68}"
EndProject
Project("{2150E333-8FDC-42A3-9474-1A3956D46DE8}") = "05.2 - Crosscutting", "05.2 - Crosscutting", "{750F0C13-A44F-4AA8-828D-A91DE3404A0E}"
EndProject
Project("{2150E333-8FDC-42A3-9474-1A3956D46DE8}") = "01 - Presentation", "01 - Presentation", "{B3867890-7EE7-4E78-8C43-75214A23834A}"
EndProject
Project("{9A19103F-16F7-4668-BE54-9A1E7A4F7556}") = "Application", "Application\Application.csproj", "{D68C2952-0475-493E-9FC7-1F00DA59493B}"
EndProject
Project("{9A19103F-16F7-4668-BE54-9A1E7A4F7556}") = "NotificationRunners", "NotificationRunners\NotificationRunners.csproj", "{31A27AB7-B7B5-4651-A5B0-4103167E7C17}"
EndProject
Project("{9A19103F-16F7-4668-BE54-9A1E7A4F7556}") = "Api", "Api\Api.csproj", "{1FC05E06-26DF-46D4-B7DA-01EA8D8A6143}"
EndProject
Project("{9A19103F-16F7-4668-BE54-9A1E7A4F7556}") = "ScheduledTasks", "ScheduledTasks\ScheduledTasks.csproj", "{739D1E4F-4E15-40A5-9AC6-A6346453B572}"
EndProject
Project("{54A90642-561A-4BB1-A94E-469ADEE60C69}") = "WebApp", "WebApp\WebApp.esproj", "{2AB91F77-CF03-424A-A799-DB3654C3EF8D}"
EndProject
Project("{9A19103F-16F7-4668-BE54-9A1E7A4F7556}") = "Infra.Data", "Infra.Data\Infra.Data.csproj", "{87F0205F-F0DF-414B-89E1-428A53948226}"
EndProject
Project("{9A19103F-16F7-4668-BE54-9A1E7A4F7556}") = "Infra.CrossCutting.IoC", "Infra.CrossCutting.IoC\Infra.CrossCutting.IoC.csproj", "{FC28FC68-04BD-4799-B40A-2553682E7956}"
EndProject
Project("{9A19103F-16F7-4668-BE54-9A1E7A4F7556}") = "Infra.CrossCutting.Services", "Infra.CrossCutting.Services\Infra.CrossCutting.Services.csproj", "{D04A9878-23A0-4784-B29A-BA025E2DEF40}"
EndProject
Project("{9A19103F-16F7-4668-BE54-9A1E7A4F7556}") = "Infra.CrossCutting.Services.Tests", "Infra.CrossCutting.Services.Tests\Infra.CrossCutting.Services.Tests.csproj", "{001754B2-5272-4D59-BA14-7E05F1CDF1A0}"
EndProject
Project("{9A19103F-16F7-4668-BE54-9A1E7A4F7556}") = "Tests", "Tests\Tests.csproj", "{66DA123E-6C7D-43AA-9E3E-C4A571C08531}"
EndProject
Project("{9A19103F-16F7-4668-BE54-9A1E7A4F7556}") = "Integration.Tests", "IntegrationTests\Integration.Tests.csproj", "{7A4F66BC-70A8-48A8-A6F9-7BD035499B4E}"
EndProject
Project("{9A19103F-16F7-4668-BE54-9A1E7A4F7556}") = "Domain", "Domain\Domain.csproj", "{5EB6D896-5F71-443E-8BFE-4B82E1B9CFC1}"
EndProject
Global
	GlobalSection(SolutionConfigurationPlatforms) = preSolution
		Debug|Any CPU = Debug|Any CPU
		Release|Any CPU = Release|Any CPU
	EndGlobalSection
	GlobalSection(ProjectConfigurationPlatforms) = postSolution
		{D68C2952-0475-493E-9FC7-1F00DA59493B}.Debug|Any CPU.ActiveCfg = Debug|Any CPU
		{D68C2952-0475-493E-9FC7-1F00DA59493B}.Debug|Any CPU.Build.0 = Debug|Any CPU
		{D68C2952-0475-493E-9FC7-1F00DA59493B}.Release|Any CPU.ActiveCfg = Release|Any CPU
		{D68C2952-0475-493E-9FC7-1F00DA59493B}.Release|Any CPU.Build.0 = Release|Any CPU
		{31A27AB7-B7B5-4651-A5B0-4103167E7C17}.Debug|Any CPU.ActiveCfg = Debug|Any CPU
		{31A27AB7-B7B5-4651-A5B0-4103167E7C17}.Debug|Any CPU.Build.0 = Debug|Any CPU
		{31A27AB7-B7B5-4651-A5B0-4103167E7C17}.Release|Any CPU.ActiveCfg = Release|Any CPU
		{31A27AB7-B7B5-4651-A5B0-4103167E7C17}.Release|Any CPU.Build.0 = Release|Any CPU
		{1FC05E06-26DF-46D4-B7DA-01EA8D8A6143}.Debug|Any CPU.ActiveCfg = Debug|Any CPU
		{1FC05E06-26DF-46D4-B7DA-01EA8D8A6143}.Debug|Any CPU.Build.0 = Debug|Any CPU
		{1FC05E06-26DF-46D4-B7DA-01EA8D8A6143}.Release|Any CPU.ActiveCfg = Release|Any CPU
		{1FC05E06-26DF-46D4-B7DA-01EA8D8A6143}.Release|Any CPU.Build.0 = Release|Any CPU
		{739D1E4F-4E15-40A5-9AC6-A6346453B572}.Debug|Any CPU.ActiveCfg = Debug|Any CPU
		{739D1E4F-4E15-40A5-9AC6-A6346453B572}.Debug|Any CPU.Build.0 = Debug|Any CPU
		{739D1E4F-4E15-40A5-9AC6-A6346453B572}.Release|Any CPU.ActiveCfg = Release|Any CPU
		{739D1E4F-4E15-40A5-9AC6-A6346453B572}.Release|Any CPU.Build.0 = Release|Any CPU
		{2AB91F77-CF03-424A-A799-DB3654C3EF8D}.Debug|Any CPU.ActiveCfg = Debug|Any CPU
		{2AB91F77-CF03-424A-A799-DB3654C3EF8D}.Debug|Any CPU.Build.0 = Debug|Any CPU
		{2AB91F77-CF03-424A-A799-DB3654C3EF8D}.Debug|Any CPU.Deploy.0 = Debug|Any CPU
		{2AB91F77-CF03-424A-A799-DB3654C3EF8D}.Release|Any CPU.ActiveCfg = Release|Any CPU
		{2AB91F77-CF03-424A-A799-DB3654C3EF8D}.Release|Any CPU.Build.0 = Release|Any CPU
		{2AB91F77-CF03-424A-A799-DB3654C3EF8D}.Release|Any CPU.Deploy.0 = Release|Any CPU
		{87F0205F-F0DF-414B-89E1-428A53948226}.Debug|Any CPU.ActiveCfg = Debug|Any CPU
		{87F0205F-F0DF-414B-89E1-428A53948226}.Debug|Any CPU.Build.0 = Debug|Any CPU
		{87F0205F-F0DF-414B-89E1-428A53948226}.Release|Any CPU.ActiveCfg = Release|Any CPU
		{87F0205F-F0DF-414B-89E1-428A53948226}.Release|Any CPU.Build.0 = Release|Any CPU
		{FC28FC68-04BD-4799-B40A-2553682E7956}.Debug|Any CPU.ActiveCfg = Debug|Any CPU
		{FC28FC68-04BD-4799-B40A-2553682E7956}.Debug|Any CPU.Build.0 = Debug|Any CPU
		{FC28FC68-04BD-4799-B40A-2553682E7956}.Release|Any CPU.ActiveCfg = Release|Any CPU
		{FC28FC68-04BD-4799-B40A-2553682E7956}.Release|Any CPU.Build.0 = Release|Any CPU
		{D04A9878-23A0-4784-B29A-BA025E2DEF40}.Debug|Any CPU.ActiveCfg = Debug|Any CPU
		{D04A9878-23A0-4784-B29A-BA025E2DEF40}.Debug|Any CPU.Build.0 = Debug|Any CPU
		{D04A9878-23A0-4784-B29A-BA025E2DEF40}.Release|Any CPU.ActiveCfg = Release|Any CPU
		{D04A9878-23A0-4784-B29A-BA025E2DEF40}.Release|Any CPU.Build.0 = Release|Any CPU
		{001754B2-5272-4D59-BA14-7E05F1CDF1A0}.Debug|Any CPU.ActiveCfg = Debug|Any CPU
		{001754B2-5272-4D59-BA14-7E05F1CDF1A0}.Debug|Any CPU.Build.0 = Debug|Any CPU
		{001754B2-5272-4D59-BA14-7E05F1CDF1A0}.Release|Any CPU.ActiveCfg = Release|Any CPU
		{001754B2-5272-4D59-BA14-7E05F1CDF1A0}.Release|Any CPU.Build.0 = Release|Any CPU
		{66DA123E-6C7D-43AA-9E3E-C4A571C08531}.Debug|Any CPU.ActiveCfg = Debug|Any CPU
		{66DA123E-6C7D-43AA-9E3E-C4A571C08531}.Debug|Any CPU.Build.0 = Debug|Any CPU
		{66DA123E-6C7D-43AA-9E3E-C4A571C08531}.Release|Any CPU.ActiveCfg = Release|Any CPU
		{66DA123E-6C7D-43AA-9E3E-C4A571C08531}.Release|Any CPU.Build.0 = Release|Any CPU
		{7A4F66BC-70A8-48A8-A6F9-7BD035499B4E}.Debug|Any CPU.ActiveCfg = Debug|Any CPU
		{7A4F66BC-70A8-48A8-A6F9-7BD035499B4E}.Debug|Any CPU.Build.0 = Debug|Any CPU
		{7A4F66BC-70A8-48A8-A6F9-7BD035499B4E}.Release|Any CPU.ActiveCfg = Release|Any CPU
		{7A4F66BC-70A8-48A8-A6F9-7BD035499B4E}.Release|Any CPU.Build.0 = Release|Any CPU
		{5EB6D896-5F71-443E-8BFE-4B82E1B9CFC1}.Debug|Any CPU.ActiveCfg = Debug|Any CPU
		{5EB6D896-5F71-443E-8BFE-4B82E1B9CFC1}.Debug|Any CPU.Build.0 = Debug|Any CPU
		{5EB6D896-5F71-443E-8BFE-4B82E1B9CFC1}.Release|Any CPU.ActiveCfg = Release|Any CPU
		{5EB6D896-5F71-443E-8BFE-4B82E1B9CFC1}.Release|Any CPU.Build.0 = Release|Any CPU
	EndGlobalSection
	GlobalSection(SolutionProperties) = preSolution
		HideSolutionNode = FALSE
	EndGlobalSection
	GlobalSection(NestedProjects) = preSolution
		{75C25650-FDED-408D-B100-847660A67B68} = {0CD9F12B-6B89-4B35-9EA3-5A7E7B63A9C1}
		{750F0C13-A44F-4AA8-828D-A91DE3404A0E} = {0CD9F12B-6B89-4B35-9EA3-5A7E7B63A9C1}
		{D68C2952-0475-493E-9FC7-1F00DA59493B} = {B0856761-D2D9-46B9-B179-47AE37138096}
		{31A27AB7-B7B5-4651-A5B0-4103167E7C17} = {D6503314-DC78-4782-8F13-6DF30ABAD91A}
		{1FC05E06-26DF-46D4-B7DA-01EA8D8A6143} = {D6503314-DC78-4782-8F13-6DF30ABAD91A}
		{739D1E4F-4E15-40A5-9AC6-A6346453B572} = {D6503314-DC78-4782-8F13-6DF30ABAD91A}
		{2AB91F77-CF03-424A-A799-DB3654C3EF8D} = {B3867890-7EE7-4E78-8C43-75214A23834A}
		{87F0205F-F0DF-414B-89E1-428A53948226} = {75C25650-FDED-408D-B100-847660A67B68}
		{FC28FC68-04BD-4799-B40A-2553682E7956} = {750F0C13-A44F-4AA8-828D-A91DE3404A0E}
		{D04A9878-23A0-4784-B29A-BA025E2DEF40} = {750F0C13-A44F-4AA8-828D-A91DE3404A0E}
		{001754B2-5272-4D59-BA14-7E05F1CDF1A0} = {76F6BE6E-1939-44A3-9E57-A6FA22E1DB63}
		{66DA123E-6C7D-43AA-9E3E-C4A571C08531} = {76F6BE6E-1939-44A3-9E57-A6FA22E1DB63}
		{7A4F66BC-70A8-48A8-A6F9-7BD035499B4E} = {76F6BE6E-1939-44A3-9E57-A6FA22E1DB63}
		{5EB6D896-5F71-443E-8BFE-4B82E1B9CFC1} = {E33CD50B-B64E-47F7-92AF-B320E7EB97C0}
	EndGlobalSection
	GlobalSection(ExtensibilityGlobals) = postSolution
		SolutionGuid = {0AED4437-9E9B-4792-81A0-2D60661EE0E9}
	EndGlobalSection
EndGlobal
